
Microsoft Visual Studio Solution File, Format Version 12.00
# Visual Studio Version 17
VisualStudioVersion = 17.3.32922.545
MinimumVisualStudioVersion = 10.0.40219.1
Project("{9A19103F-16F7-4668-BE54-9A1E7A4F7556}") = "OAuthLibrary", "OAuthLibrary\OAuthLibrary.csproj", "{FD3B4348-539A-4C6C-A50A-55AE7F23CABB}"
EndProject
Project("{9A19103F-16F7-4668-BE54-9A1E7A4F7556}") = "OAuthLibraryTests", "OAuthLibraryTests\OAuthLibraryTests.csproj", "{9E7A8954-D72E-4679-A011-1C07E1414752}"
EndProject
Project("{2150E333-8FDC-42A3-9474-1A3956D46DE8}") = "Solution Items", "Solution Items", "{B45A572C-D84A-4818-B61B-2109D6F696ED}"
	ProjectSection(SolutionItems) = preProject
		.editorconfig = .editorconfig
		InstapaperAPIKey.cs = InstapaperAPIKey.cs
		InstapaperAPIKey_app.cs = InstapaperAPIKey_app.cs
		README.md = README.md
		TwitterAPIKey.cs = TwitterAPIKey.cs
	EndProjectSection
EndProject
Project("{9A19103F-16F7-4668-BE54-9A1E7A4F7556}") = "InstapaperApi", "InstapaperApi\InstapaperApi.csproj", "{89F277FD-2746-48D3-A7B0-177E78CC3434}"
EndProject
Project("{9A19103F-16F7-4668-BE54-9A1E7A4F7556}") = "InstapaperApiTests", "InstapaperApiTests\InstapaperApiTests.csproj", "{DB402E0C-0AE8-4C06-BF7B-0752A1BBDFAB}"
EndProject
Project("{9A19103F-16F7-4668-BE54-9A1E7A4F7556}") = "Database", "Database\Database.csproj", "{69FF03C9-3B63-479B-9D82-3448C81E99CE}"
EndProject
Project("{9A19103F-16F7-4668-BE54-9A1E7A4F7556}") = "DatabaseTests", "DatabaseTests\DatabaseTests.csproj", "{C53F5205-0875-4EBD-861B-1495B765D151}"
EndProject
Project("{9A19103F-16F7-4668-BE54-9A1E7A4F7556}") = "Sync", "Sync\Sync.csproj", "{1DD04D63-9F53-406C-A082-2FC40FC626DE}"
EndProject
Project("{9A19103F-16F7-4668-BE54-9A1E7A4F7556}") = "SyncTests", "SyncTests\SyncTests.csproj", "{7942D4FE-AD2A-4088-BDD2-934CDDB2620F}"
EndProject
Project("{9A19103F-16F7-4668-BE54-9A1E7A4F7556}") = "ViewModels", "ViewModels\ViewModels.csproj", "{27DB371F-09B8-47DA-B9A4-C0B199E7D300}"
EndProject
Project("{9A19103F-16F7-4668-BE54-9A1E7A4F7556}") = "ViewModelsTests", "ViewModelsTests\ViewModelsTests.csproj", "{1E8E5B97-4686-496E-A303-FC44A9136956}"
EndProject
Project("{9A19103F-16F7-4668-BE54-9A1E7A4F7556}") = "TestUtilitiesTests", "TestUtilities\TestUtilitiesTests.csproj", "{B4B03A8A-AAEF-4F15-9ED7-658640423C90}"
EndProject
Project("{9A19103F-16F7-4668-BE54-9A1E7A4F7556}") = "App", "App\App.csproj", "{5A56A17F-998D-43EF-B85B-59128399E32B}"
EndProject
Global
	GlobalSection(SolutionConfigurationPlatforms) = preSolution
		Debug|Any CPU = Debug|Any CPU
		Debug|arm64 = Debug|arm64
		Debug|x64 = Debug|x64
		Debug|x86 = Debug|x86
		Release|Any CPU = Release|Any CPU
		Release|arm64 = Release|arm64
		Release|x64 = Release|x64
		Release|x86 = Release|x86
	EndGlobalSection
	GlobalSection(ProjectConfigurationPlatforms) = postSolution
		{FD3B4348-539A-4C6C-A50A-55AE7F23CABB}.Debug|Any CPU.ActiveCfg = Debug|Any CPU
		{FD3B4348-539A-4C6C-A50A-55AE7F23CABB}.Debug|Any CPU.Build.0 = Debug|Any CPU
		{FD3B4348-539A-4C6C-A50A-55AE7F23CABB}.Debug|arm64.ActiveCfg = Debug|Any CPU
		{FD3B4348-539A-4C6C-A50A-55AE7F23CABB}.Debug|arm64.Build.0 = Debug|Any CPU
		{FD3B4348-539A-4C6C-A50A-55AE7F23CABB}.Debug|x64.ActiveCfg = Debug|Any CPU
		{FD3B4348-539A-4C6C-A50A-55AE7F23CABB}.Debug|x64.Build.0 = Debug|Any CPU
		{FD3B4348-539A-4C6C-A50A-55AE7F23CABB}.Debug|x86.ActiveCfg = Debug|Any CPU
		{FD3B4348-539A-4C6C-A50A-55AE7F23CABB}.Debug|x86.Build.0 = Debug|Any CPU
		{FD3B4348-539A-4C6C-A50A-55AE7F23CABB}.Release|Any CPU.ActiveCfg = Release|Any CPU
		{FD3B4348-539A-4C6C-A50A-55AE7F23CABB}.Release|Any CPU.Build.0 = Release|Any CPU
		{FD3B4348-539A-4C6C-A50A-55AE7F23CABB}.Release|arm64.ActiveCfg = Release|Any CPU
		{FD3B4348-539A-4C6C-A50A-55AE7F23CABB}.Release|arm64.Build.0 = Release|Any CPU
		{FD3B4348-539A-4C6C-A50A-55AE7F23CABB}.Release|x64.ActiveCfg = Release|Any CPU
		{FD3B4348-539A-4C6C-A50A-55AE7F23CABB}.Release|x64.Build.0 = Release|Any CPU
		{FD3B4348-539A-4C6C-A50A-55AE7F23CABB}.Release|x86.ActiveCfg = Release|Any CPU
		{FD3B4348-539A-4C6C-A50A-55AE7F23CABB}.Release|x86.Build.0 = Release|Any CPU
		{9E7A8954-D72E-4679-A011-1C07E1414752}.Debug|Any CPU.ActiveCfg = Debug|Any CPU
		{9E7A8954-D72E-4679-A011-1C07E1414752}.Debug|Any CPU.Build.0 = Debug|Any CPU
		{9E7A8954-D72E-4679-A011-1C07E1414752}.Debug|arm64.ActiveCfg = Debug|Any CPU
		{9E7A8954-D72E-4679-A011-1C07E1414752}.Debug|arm64.Build.0 = Debug|Any CPU
		{9E7A8954-D72E-4679-A011-1C07E1414752}.Debug|x64.ActiveCfg = Debug|Any CPU
		{9E7A8954-D72E-4679-A011-1C07E1414752}.Debug|x64.Build.0 = Debug|Any CPU
		{9E7A8954-D72E-4679-A011-1C07E1414752}.Debug|x86.ActiveCfg = Debug|Any CPU
		{9E7A8954-D72E-4679-A011-1C07E1414752}.Debug|x86.Build.0 = Debug|Any CPU
		{9E7A8954-D72E-4679-A011-1C07E1414752}.Release|Any CPU.ActiveCfg = Release|Any CPU
		{9E7A8954-D72E-4679-A011-1C07E1414752}.Release|Any CPU.Build.0 = Release|Any CPU
		{9E7A8954-D72E-4679-A011-1C07E1414752}.Release|arm64.ActiveCfg = Release|Any CPU
		{9E7A8954-D72E-4679-A011-1C07E1414752}.Release|arm64.Build.0 = Release|Any CPU
		{9E7A8954-D72E-4679-A011-1C07E1414752}.Release|x64.ActiveCfg = Release|Any CPU
		{9E7A8954-D72E-4679-A011-1C07E1414752}.Release|x64.Build.0 = Release|Any CPU
		{9E7A8954-D72E-4679-A011-1C07E1414752}.Release|x86.ActiveCfg = Release|Any CPU
		{9E7A8954-D72E-4679-A011-1C07E1414752}.Release|x86.Build.0 = Release|Any CPU
		{89F277FD-2746-48D3-A7B0-177E78CC3434}.Debug|Any CPU.ActiveCfg = Debug|Any CPU
		{89F277FD-2746-48D3-A7B0-177E78CC3434}.Debug|Any CPU.Build.0 = Debug|Any CPU
		{89F277FD-2746-48D3-A7B0-177E78CC3434}.Debug|arm64.ActiveCfg = Debug|Any CPU
		{89F277FD-2746-48D3-A7B0-177E78CC3434}.Debug|arm64.Build.0 = Debug|Any CPU
		{89F277FD-2746-48D3-A7B0-177E78CC3434}.Debug|x64.ActiveCfg = Debug|Any CPU
		{89F277FD-2746-48D3-A7B0-177E78CC3434}.Debug|x64.Build.0 = Debug|Any CPU
		{89F277FD-2746-48D3-A7B0-177E78CC3434}.Debug|x86.ActiveCfg = Debug|Any CPU
		{89F277FD-2746-48D3-A7B0-177E78CC3434}.Debug|x86.Build.0 = Debug|Any CPU
		{89F277FD-2746-48D3-A7B0-177E78CC3434}.Release|Any CPU.ActiveCfg = Release|Any CPU
		{89F277FD-2746-48D3-A7B0-177E78CC3434}.Release|Any CPU.Build.0 = Release|Any CPU
		{89F277FD-2746-48D3-A7B0-177E78CC3434}.Release|arm64.ActiveCfg = Release|Any CPU
		{89F277FD-2746-48D3-A7B0-177E78CC3434}.Release|arm64.Build.0 = Release|Any CPU
		{89F277FD-2746-48D3-A7B0-177E78CC3434}.Release|x64.ActiveCfg = Release|Any CPU
		{89F277FD-2746-48D3-A7B0-177E78CC3434}.Release|x64.Build.0 = Release|Any CPU
		{89F277FD-2746-48D3-A7B0-177E78CC3434}.Release|x86.ActiveCfg = Release|Any CPU
		{89F277FD-2746-48D3-A7B0-177E78CC3434}.Release|x86.Build.0 = Release|Any CPU
		{DB402E0C-0AE8-4C06-BF7B-0752A1BBDFAB}.Debug|Any CPU.ActiveCfg = Debug|Any CPU
		{DB402E0C-0AE8-4C06-BF7B-0752A1BBDFAB}.Debug|Any CPU.Build.0 = Debug|Any CPU
		{DB402E0C-0AE8-4C06-BF7B-0752A1BBDFAB}.Debug|arm64.ActiveCfg = Debug|Any CPU
		{DB402E0C-0AE8-4C06-BF7B-0752A1BBDFAB}.Debug|arm64.Build.0 = Debug|Any CPU
		{DB402E0C-0AE8-4C06-BF7B-0752A1BBDFAB}.Debug|x64.ActiveCfg = Debug|Any CPU
		{DB402E0C-0AE8-4C06-BF7B-0752A1BBDFAB}.Debug|x64.Build.0 = Debug|Any CPU
		{DB402E0C-0AE8-4C06-BF7B-0752A1BBDFAB}.Debug|x86.ActiveCfg = Debug|Any CPU
		{DB402E0C-0AE8-4C06-BF7B-0752A1BBDFAB}.Debug|x86.Build.0 = Debug|Any CPU
		{DB402E0C-0AE8-4C06-BF7B-0752A1BBDFAB}.Release|Any CPU.ActiveCfg = Release|Any CPU
		{DB402E0C-0AE8-4C06-BF7B-0752A1BBDFAB}.Release|Any CPU.Build.0 = Release|Any CPU
		{DB402E0C-0AE8-4C06-BF7B-0752A1BBDFAB}.Release|arm64.ActiveCfg = Release|Any CPU
		{DB402E0C-0AE8-4C06-BF7B-0752A1BBDFAB}.Release|arm64.Build.0 = Release|Any CPU
		{DB402E0C-0AE8-4C06-BF7B-0752A1BBDFAB}.Release|x64.ActiveCfg = Release|Any CPU
		{DB402E0C-0AE8-4C06-BF7B-0752A1BBDFAB}.Release|x64.Build.0 = Release|Any CPU
		{DB402E0C-0AE8-4C06-BF7B-0752A1BBDFAB}.Release|x86.ActiveCfg = Release|Any CPU
		{DB402E0C-0AE8-4C06-BF7B-0752A1BBDFAB}.Release|x86.Build.0 = Release|Any CPU
		{69FF03C9-3B63-479B-9D82-3448C81E99CE}.Debug|Any CPU.ActiveCfg = Debug|Any CPU
		{69FF03C9-3B63-479B-9D82-3448C81E99CE}.Debug|Any CPU.Build.0 = Debug|Any CPU
		{69FF03C9-3B63-479B-9D82-3448C81E99CE}.Debug|arm64.ActiveCfg = Debug|Any CPU
		{69FF03C9-3B63-479B-9D82-3448C81E99CE}.Debug|arm64.Build.0 = Debug|Any CPU
		{69FF03C9-3B63-479B-9D82-3448C81E99CE}.Debug|x64.ActiveCfg = Debug|Any CPU
		{69FF03C9-3B63-479B-9D82-3448C81E99CE}.Debug|x64.Build.0 = Debug|Any CPU
		{69FF03C9-3B63-479B-9D82-3448C81E99CE}.Debug|x86.ActiveCfg = Debug|Any CPU
		{69FF03C9-3B63-479B-9D82-3448C81E99CE}.Debug|x86.Build.0 = Debug|Any CPU
		{69FF03C9-3B63-479B-9D82-3448C81E99CE}.Release|Any CPU.ActiveCfg = Release|Any CPU
		{69FF03C9-3B63-479B-9D82-3448C81E99CE}.Release|Any CPU.Build.0 = Release|Any CPU
		{69FF03C9-3B63-479B-9D82-3448C81E99CE}.Release|arm64.ActiveCfg = Release|Any CPU
		{69FF03C9-3B63-479B-9D82-3448C81E99CE}.Release|arm64.Build.0 = Release|Any CPU
		{69FF03C9-3B63-479B-9D82-3448C81E99CE}.Release|x64.ActiveCfg = Release|Any CPU
		{69FF03C9-3B63-479B-9D82-3448C81E99CE}.Release|x64.Build.0 = Release|Any CPU
		{69FF03C9-3B63-479B-9D82-3448C81E99CE}.Release|x86.ActiveCfg = Release|Any CPU
		{69FF03C9-3B63-479B-9D82-3448C81E99CE}.Release|x86.Build.0 = Release|Any CPU
		{C53F5205-0875-4EBD-861B-1495B765D151}.Debug|Any CPU.ActiveCfg = Debug|Any CPU
		{C53F5205-0875-4EBD-861B-1495B765D151}.Debug|Any CPU.Build.0 = Debug|Any CPU
		{C53F5205-0875-4EBD-861B-1495B765D151}.Debug|arm64.ActiveCfg = Debug|Any CPU
		{C53F5205-0875-4EBD-861B-1495B765D151}.Debug|arm64.Build.0 = Debug|Any CPU
		{C53F5205-0875-4EBD-861B-1495B765D151}.Debug|x64.ActiveCfg = Debug|Any CPU
		{C53F5205-0875-4EBD-861B-1495B765D151}.Debug|x64.Build.0 = Debug|Any CPU
		{C53F5205-0875-4EBD-861B-1495B765D151}.Debug|x86.ActiveCfg = Debug|Any CPU
		{C53F5205-0875-4EBD-861B-1495B765D151}.Debug|x86.Build.0 = Debug|Any CPU
		{C53F5205-0875-4EBD-861B-1495B765D151}.Release|Any CPU.ActiveCfg = Release|Any CPU
		{C53F5205-0875-4EBD-861B-1495B765D151}.Release|Any CPU.Build.0 = Release|Any CPU
		{C53F5205-0875-4EBD-861B-1495B765D151}.Release|arm64.ActiveCfg = Release|Any CPU
		{C53F5205-0875-4EBD-861B-1495B765D151}.Release|arm64.Build.0 = Release|Any CPU
		{C53F5205-0875-4EBD-861B-1495B765D151}.Release|x64.ActiveCfg = Release|Any CPU
		{C53F5205-0875-4EBD-861B-1495B765D151}.Release|x64.Build.0 = Release|Any CPU
		{C53F5205-0875-4EBD-861B-1495B765D151}.Release|x86.ActiveCfg = Release|Any CPU
		{C53F5205-0875-4EBD-861B-1495B765D151}.Release|x86.Build.0 = Release|Any CPU
		{1DD04D63-9F53-406C-A082-2FC40FC626DE}.Debug|Any CPU.ActiveCfg = Debug|Any CPU
		{1DD04D63-9F53-406C-A082-2FC40FC626DE}.Debug|Any CPU.Build.0 = Debug|Any CPU
		{1DD04D63-9F53-406C-A082-2FC40FC626DE}.Debug|arm64.ActiveCfg = Debug|Any CPU
		{1DD04D63-9F53-406C-A082-2FC40FC626DE}.Debug|arm64.Build.0 = Debug|Any CPU
		{1DD04D63-9F53-406C-A082-2FC40FC626DE}.Debug|x64.ActiveCfg = Debug|Any CPU
		{1DD04D63-9F53-406C-A082-2FC40FC626DE}.Debug|x64.Build.0 = Debug|Any CPU
		{1DD04D63-9F53-406C-A082-2FC40FC626DE}.Debug|x86.ActiveCfg = Debug|Any CPU
		{1DD04D63-9F53-406C-A082-2FC40FC626DE}.Debug|x86.Build.0 = Debug|Any CPU
		{1DD04D63-9F53-406C-A082-2FC40FC626DE}.Release|Any CPU.ActiveCfg = Release|Any CPU
		{1DD04D63-9F53-406C-A082-2FC40FC626DE}.Release|Any CPU.Build.0 = Release|Any CPU
		{1DD04D63-9F53-406C-A082-2FC40FC626DE}.Release|arm64.ActiveCfg = Release|Any CPU
		{1DD04D63-9F53-406C-A082-2FC40FC626DE}.Release|arm64.Build.0 = Release|Any CPU
		{1DD04D63-9F53-406C-A082-2FC40FC626DE}.Release|x64.ActiveCfg = Release|Any CPU
		{1DD04D63-9F53-406C-A082-2FC40FC626DE}.Release|x64.Build.0 = Release|Any CPU
		{1DD04D63-9F53-406C-A082-2FC40FC626DE}.Release|x86.ActiveCfg = Release|Any CPU
		{1DD04D63-9F53-406C-A082-2FC40FC626DE}.Release|x86.Build.0 = Release|Any CPU
		{7942D4FE-AD2A-4088-BDD2-934CDDB2620F}.Debug|Any CPU.ActiveCfg = Debug|Any CPU
		{7942D4FE-AD2A-4088-BDD2-934CDDB2620F}.Debug|Any CPU.Build.0 = Debug|Any CPU
		{7942D4FE-AD2A-4088-BDD2-934CDDB2620F}.Debug|arm64.ActiveCfg = Debug|Any CPU
		{7942D4FE-AD2A-4088-BDD2-934CDDB2620F}.Debug|arm64.Build.0 = Debug|Any CPU
		{7942D4FE-AD2A-4088-BDD2-934CDDB2620F}.Debug|x64.ActiveCfg = Debug|Any CPU
		{7942D4FE-AD2A-4088-BDD2-934CDDB2620F}.Debug|x64.Build.0 = Debug|Any CPU
		{7942D4FE-AD2A-4088-BDD2-934CDDB2620F}.Debug|x86.ActiveCfg = Debug|Any CPU
		{7942D4FE-AD2A-4088-BDD2-934CDDB2620F}.Debug|x86.Build.0 = Debug|Any CPU
		{7942D4FE-AD2A-4088-BDD2-934CDDB2620F}.Release|Any CPU.ActiveCfg = Release|Any CPU
		{7942D4FE-AD2A-4088-BDD2-934CDDB2620F}.Release|Any CPU.Build.0 = Release|Any CPU
		{7942D4FE-AD2A-4088-BDD2-934CDDB2620F}.Release|arm64.ActiveCfg = Release|Any CPU
		{7942D4FE-AD2A-4088-BDD2-934CDDB2620F}.Release|arm64.Build.0 = Release|Any CPU
		{7942D4FE-AD2A-4088-BDD2-934CDDB2620F}.Release|x64.ActiveCfg = Release|Any CPU
		{7942D4FE-AD2A-4088-BDD2-934CDDB2620F}.Release|x64.Build.0 = Release|Any CPU
		{7942D4FE-AD2A-4088-BDD2-934CDDB2620F}.Release|x86.ActiveCfg = Release|Any CPU
		{7942D4FE-AD2A-4088-BDD2-934CDDB2620F}.Release|x86.Build.0 = Release|Any CPU
		{27DB371F-09B8-47DA-B9A4-C0B199E7D300}.Debug|Any CPU.ActiveCfg = Debug|Any CPU
		{27DB371F-09B8-47DA-B9A4-C0B199E7D300}.Debug|Any CPU.Build.0 = Debug|Any CPU
		{27DB371F-09B8-47DA-B9A4-C0B199E7D300}.Debug|arm64.ActiveCfg = Debug|Any CPU
		{27DB371F-09B8-47DA-B9A4-C0B199E7D300}.Debug|arm64.Build.0 = Debug|Any CPU
		{27DB371F-09B8-47DA-B9A4-C0B199E7D300}.Debug|x64.ActiveCfg = Debug|Any CPU
		{27DB371F-09B8-47DA-B9A4-C0B199E7D300}.Debug|x64.Build.0 = Debug|Any CPU
		{27DB371F-09B8-47DA-B9A4-C0B199E7D300}.Debug|x86.ActiveCfg = Debug|Any CPU
		{27DB371F-09B8-47DA-B9A4-C0B199E7D300}.Debug|x86.Build.0 = Debug|Any CPU
		{27DB371F-09B8-47DA-B9A4-C0B199E7D300}.Release|Any CPU.ActiveCfg = Release|Any CPU
		{27DB371F-09B8-47DA-B9A4-C0B199E7D300}.Release|Any CPU.Build.0 = Release|Any CPU
		{27DB371F-09B8-47DA-B9A4-C0B199E7D300}.Release|arm64.ActiveCfg = Release|Any CPU
		{27DB371F-09B8-47DA-B9A4-C0B199E7D300}.Release|arm64.Build.0 = Release|Any CPU
		{27DB371F-09B8-47DA-B9A4-C0B199E7D300}.Release|x64.ActiveCfg = Release|Any CPU
		{27DB371F-09B8-47DA-B9A4-C0B199E7D300}.Release|x64.Build.0 = Release|Any CPU
		{27DB371F-09B8-47DA-B9A4-C0B199E7D300}.Release|x86.ActiveCfg = Release|Any CPU
		{27DB371F-09B8-47DA-B9A4-C0B199E7D300}.Release|x86.Build.0 = Release|Any CPU
		{1E8E5B97-4686-496E-A303-FC44A9136956}.Debug|Any CPU.ActiveCfg = Debug|Any CPU
		{1E8E5B97-4686-496E-A303-FC44A9136956}.Debug|Any CPU.Build.0 = Debug|Any CPU
		{1E8E5B97-4686-496E-A303-FC44A9136956}.Debug|arm64.ActiveCfg = Debug|Any CPU
		{1E8E5B97-4686-496E-A303-FC44A9136956}.Debug|arm64.Build.0 = Debug|Any CPU
		{1E8E5B97-4686-496E-A303-FC44A9136956}.Debug|x64.ActiveCfg = Debug|Any CPU
		{1E8E5B97-4686-496E-A303-FC44A9136956}.Debug|x64.Build.0 = Debug|Any CPU
		{1E8E5B97-4686-496E-A303-FC44A9136956}.Debug|x86.ActiveCfg = Debug|Any CPU
		{1E8E5B97-4686-496E-A303-FC44A9136956}.Debug|x86.Build.0 = Debug|Any CPU
		{1E8E5B97-4686-496E-A303-FC44A9136956}.Release|Any CPU.ActiveCfg = Release|Any CPU
		{1E8E5B97-4686-496E-A303-FC44A9136956}.Release|Any CPU.Build.0 = Release|Any CPU
		{1E8E5B97-4686-496E-A303-FC44A9136956}.Release|arm64.ActiveCfg = Release|Any CPU
		{1E8E5B97-4686-496E-A303-FC44A9136956}.Release|arm64.Build.0 = Release|Any CPU
		{1E8E5B97-4686-496E-A303-FC44A9136956}.Release|x64.ActiveCfg = Release|Any CPU
		{1E8E5B97-4686-496E-A303-FC44A9136956}.Release|x64.Build.0 = Release|Any CPU
		{1E8E5B97-4686-496E-A303-FC44A9136956}.Release|x86.ActiveCfg = Release|Any CPU
		{1E8E5B97-4686-496E-A303-FC44A9136956}.Release|x86.Build.0 = Release|Any CPU
		{B4B03A8A-AAEF-4F15-9ED7-658640423C90}.Debug|Any CPU.ActiveCfg = Debug|Any CPU
		{B4B03A8A-AAEF-4F15-9ED7-658640423C90}.Debug|Any CPU.Build.0 = Debug|Any CPU
		{B4B03A8A-AAEF-4F15-9ED7-658640423C90}.Debug|arm64.ActiveCfg = Debug|Any CPU
		{B4B03A8A-AAEF-4F15-9ED7-658640423C90}.Debug|arm64.Build.0 = Debug|Any CPU
		{B4B03A8A-AAEF-4F15-9ED7-658640423C90}.Debug|x64.ActiveCfg = Debug|Any CPU
		{B4B03A8A-AAEF-4F15-9ED7-658640423C90}.Debug|x64.Build.0 = Debug|Any CPU
		{B4B03A8A-AAEF-4F15-9ED7-658640423C90}.Debug|x86.ActiveCfg = Debug|Any CPU
		{B4B03A8A-AAEF-4F15-9ED7-658640423C90}.Debug|x86.Build.0 = Debug|Any CPU
		{B4B03A8A-AAEF-4F15-9ED7-658640423C90}.Release|Any CPU.ActiveCfg = Release|Any CPU
		{B4B03A8A-AAEF-4F15-9ED7-658640423C90}.Release|Any CPU.Build.0 = Release|Any CPU
		{B4B03A8A-AAEF-4F15-9ED7-658640423C90}.Release|arm64.ActiveCfg = Release|Any CPU
		{B4B03A8A-AAEF-4F15-9ED7-658640423C90}.Release|arm64.Build.0 = Release|Any CPU
		{B4B03A8A-AAEF-4F15-9ED7-658640423C90}.Release|x64.ActiveCfg = Release|Any CPU
		{B4B03A8A-AAEF-4F15-9ED7-658640423C90}.Release|x64.Build.0 = Release|Any CPU
		{B4B03A8A-AAEF-4F15-9ED7-658640423C90}.Release|x86.ActiveCfg = Release|Any CPU
		{B4B03A8A-AAEF-4F15-9ED7-658640423C90}.Release|x86.Build.0 = Release|Any CPU
		{5A56A17F-998D-43EF-B85B-59128399E32B}.Debug|Any CPU.ActiveCfg = Debug|x64
		{5A56A17F-998D-43EF-B85B-59128399E32B}.Debug|Any CPU.Build.0 = Debug|x64
		{5A56A17F-998D-43EF-B85B-59128399E32B}.Debug|Any CPU.Deploy.0 = Debug|x64
		{5A56A17F-998D-43EF-B85B-59128399E32B}.Debug|arm64.ActiveCfg = Debug|arm64
		{5A56A17F-998D-43EF-B85B-59128399E32B}.Debug|arm64.Build.0 = Debug|arm64
		{5A56A17F-998D-43EF-B85B-59128399E32B}.Debug|arm64.Deploy.0 = Debug|arm64
		{5A56A17F-998D-43EF-B85B-59128399E32B}.Debug|x64.ActiveCfg = Debug|x64
		{5A56A17F-998D-43EF-B85B-59128399E32B}.Debug|x64.Build.0 = Debug|x64
		{5A56A17F-998D-43EF-B85B-59128399E32B}.Debug|x64.Deploy.0 = Debug|x64
		{5A56A17F-998D-43EF-B85B-59128399E32B}.Debug|x86.ActiveCfg = Debug|x86
		{5A56A17F-998D-43EF-B85B-59128399E32B}.Debug|x86.Build.0 = Debug|x86
		{5A56A17F-998D-43EF-B85B-59128399E32B}.Debug|x86.Deploy.0 = Debug|x86
		{5A56A17F-998D-43EF-B85B-59128399E32B}.Release|Any CPU.ActiveCfg = Release|x64
		{5A56A17F-998D-43EF-B85B-59128399E32B}.Release|Any CPU.Build.0 = Release|x64
		{5A56A17F-998D-43EF-B85B-59128399E32B}.Release|Any CPU.Deploy.0 = Release|x64
		{5A56A17F-998D-43EF-B85B-59128399E32B}.Release|arm64.ActiveCfg = Release|arm64
		{5A56A17F-998D-43EF-B85B-59128399E32B}.Release|arm64.Build.0 = Release|arm64
		{5A56A17F-998D-43EF-B85B-59128399E32B}.Release|arm64.Deploy.0 = Release|arm64
		{5A56A17F-998D-43EF-B85B-59128399E32B}.Release|x64.ActiveCfg = Release|x64
		{5A56A17F-998D-43EF-B85B-59128399E32B}.Release|x64.Build.0 = Release|x64
		{5A56A17F-998D-43EF-B85B-59128399E32B}.Release|x64.Deploy.0 = Release|x64
		{5A56A17F-998D-43EF-B85B-59128399E32B}.Release|x86.ActiveCfg = Release|x86
		{5A56A17F-998D-43EF-B85B-59128399E32B}.Release|x86.Build.0 = Release|x86
		{5A56A17F-998D-43EF-B85B-59128399E32B}.Release|x86.Deploy.0 = Release|x86
	EndGlobalSection
	GlobalSection(SolutionProperties) = preSolution
		HideSolutionNode = FALSE
	EndGlobalSection
	GlobalSection(ExtensibilityGlobals) = postSolution
		SolutionGuid = {F1925FFD-11CE-4236-8BB9-F627A55D789D}
	EndGlobalSection
EndGlobal
